
Microsoft Visual Studio Solution File, Format Version 12.00
# Visual Studio 15
VisualStudioVersion = 15.0.28010.2046
MinimumVisualStudioVersion = 10.0.40219.1
Project("{FAE04EC0-301F-11D3-BF4B-00C04F79EFBC}") = "EduCom2", "EduCom2\EduCom2.csproj", "{430699ED-AC62-47C1-92D3-85043116BAC2}"
EndProject
Project("{FAE04EC0-301F-11D3-BF4B-00C04F79EFBC}") = "EduComDataLayer", "EduComDataLayer\EduComDataLayer.csproj", "{8F20B2D9-8629-43E0-95BB-D480958CA37D}"
EndProject
Global
	GlobalSection(SolutionConfigurationPlatforms) = preSolution
		Debug|Any CPU = Debug|Any CPU
		Release|Any CPU = Release|Any CPU
	EndGlobalSection
	GlobalSection(ProjectConfigurationPlatforms) = postSolution
		{430699ED-AC62-47C1-92D3-85043116BAC2}.Debug|Any CPU.ActiveCfg = Debug|Any CPU
		{430699ED-AC62-47C1-92D3-85043116BAC2}.Debug|Any CPU.Build.0 = Debug|Any CPU
		{430699ED-AC62-47C1-92D3-85043116BAC2}.Release|Any CPU.ActiveCfg = Release|Any CPU
		{430699ED-AC62-47C1-92D3-85043116BAC2}.Release|Any CPU.Build.0 = Release|Any CPU
		{8F20B2D9-8629-43E0-95BB-D480958CA37D}.Debug|Any CPU.ActiveCfg = Debug|Any CPU
		{8F20B2D9-8629-43E0-95BB-D480958CA37D}.Debug|Any CPU.Build.0 = Debug|Any CPU
		{8F20B2D9-8629-43E0-95BB-D480958CA37D}.Release|Any CPU.ActiveCfg = Release|Any CPU
		{8F20B2D9-8629-43E0-95BB-D480958CA37D}.Release|Any CPU.Build.0 = Release|Any CPU
	EndGlobalSection
	GlobalSection(SolutionProperties) = preSolution
		HideSolutionNode = FALSE
	EndGlobalSection
	GlobalSection(ExtensibilityGlobals) = postSolution
		SolutionGuid = {DBB2A5B4-98A7-4A8C-9B72-38A9CB770C5F}
	EndGlobalSection
EndGlobal
